// !$*UTF8*$!
{
	archiveVersion = 1;
	classes = {
	};
	objectVersion = 50;
	objects = {

/* Begin PBXBuildFile section */
		C4D1389924EB7DFA009FE2A1 /* Main.storyboard in Resources */ = {isa = PBXBuildFile; fileRef = C4D1389824EB7DFA009FE2A1 /* Main.storyboard */; };
		C8132CA924EFC6CF005C6F78 /* FeedLoader.swift in Sources */ = {isa = PBXBuildFile; fileRef = C8132CA824EFC6CF005C6F78 /* FeedLoader.swift */; };
		C8311842250BB6D8007D8A7E /* XCTestCase+MemoryLeakTracking.swift in Sources */ = {isa = PBXBuildFile; fileRef = C8EDD5E524FF17E4007F89E4 /* XCTestCase+MemoryLeakTracking.swift */; };
		C839166124EB825200E96B5A /* FeedItem.swift in Sources */ = {isa = PBXBuildFile; fileRef = C839166024EB825200E96B5A /* FeedItem.swift */; };
		C85171C524F2826800C6F27A /* URLSessionHTTPClientTests.swift in Sources */ = {isa = PBXBuildFile; fileRef = C85171C424F2826800C6F27A /* URLSessionHTTPClientTests.swift */; };
		C88CD4FA2505A68300AEF225 /* URLSessionHTTPClient.swift in Sources */ = {isa = PBXBuildFile; fileRef = C88CD4F92505A68300AEF225 /* URLSessionHTTPClient.swift */; };
		C89DAC9624EDE8E9003FCB49 /* HTTPClient.swift in Sources */ = {isa = PBXBuildFile; fileRef = C89DAC9524EDE8E9003FCB49 /* HTTPClient.swift */; };
		C89DAC9824EDE94C003FCB49 /* FeedItemMapper.swift in Sources */ = {isa = PBXBuildFile; fileRef = C89DAC9724EDE94C003FCB49 /* FeedItemMapper.swift */; };
		C8BE045924E7B77000D080C4 /* AppDelegate.swift in Sources */ = {isa = PBXBuildFile; fileRef = C8BE045824E7B77000D080C4 /* AppDelegate.swift */; };
		C8BE045B24E7B77000D080C4 /* SceneDelegate.swift in Sources */ = {isa = PBXBuildFile; fileRef = C8BE045A24E7B77000D080C4 /* SceneDelegate.swift */; };
		C8BE045D24E7B77000D080C4 /* ViewController.swift in Sources */ = {isa = PBXBuildFile; fileRef = C8BE045C24E7B77000D080C4 /* ViewController.swift */; };
		C8BE046224E7B77400D080C4 /* Assets.xcassets in Resources */ = {isa = PBXBuildFile; fileRef = C8BE046124E7B77400D080C4 /* Assets.xcassets */; };
		C8BE046524E7B77400D080C4 /* LaunchScreen.storyboard in Resources */ = {isa = PBXBuildFile; fileRef = C8BE046324E7B77400D080C4 /* LaunchScreen.storyboard */; };
		C8BE047024E7B77400D080C4 /* RemoteFeedLoadeTests.swift in Sources */ = {isa = PBXBuildFile; fileRef = C8BE046F24E7B77400D080C4 /* RemoteFeedLoadeTests.swift */; };
		C8BE047C24E7B7EC00D080C4 /* RemoteFeedLoader.swift in Sources */ = {isa = PBXBuildFile; fileRef = C8BE047A24E7B7DC00D080C4 /* RemoteFeedLoader.swift */; };
		C8E810872508543F006225F4 /* iOSLeadEssentialAPIEndToEndTests.swift in Sources */ = {isa = PBXBuildFile; fileRef = C8E810862508543F006225F4 /* iOSLeadEssentialAPIEndToEndTests.swift */; };
		C8EDD5E624FF17E4007F89E4 /* XCTestCase+MemoryLeakTracking.swift in Sources */ = {isa = PBXBuildFile; fileRef = C8EDD5E524FF17E4007F89E4 /* XCTestCase+MemoryLeakTracking.swift */; };
/* End PBXBuildFile section */

/* Begin PBXContainerItemProxy section */
		C8BE046C24E7B77400D080C4 /* PBXContainerItemProxy */ = {
			isa = PBXContainerItemProxy;
			containerPortal = C8BE044D24E7B77000D080C4 /* Project object */;
			proxyType = 1;
			remoteGlobalIDString = C8BE045424E7B77000D080C4;
			remoteInfo = iOSLeadEssential;
		};
		C8E810892508543F006225F4 /* PBXContainerItemProxy */ = {
			isa = PBXContainerItemProxy;
			containerPortal = C8BE044D24E7B77000D080C4 /* Project object */;
			proxyType = 1;
			remoteGlobalIDString = C8BE045424E7B77000D080C4;
			remoteInfo = iOSLeadEssential;
		};
/* End PBXContainerItemProxy section */

/* Begin PBXFileReference section */
		C4D1389824EB7DFA009FE2A1 /* Main.storyboard */ = {isa = PBXFileReference; lastKnownFileType = file.storyboard; path = Main.storyboard; sourceTree = "<group>"; };
		C8132CA824EFC6CF005C6F78 /* FeedLoader.swift */ = {isa = PBXFileReference; lastKnownFileType = sourcecode.swift; path = FeedLoader.swift; sourceTree = "<group>"; };
		C839166024EB825200E96B5A /* FeedItem.swift */ = {isa = PBXFileReference; lastKnownFileType = sourcecode.swift; path = FeedItem.swift; sourceTree = "<group>"; };
		C85171C424F2826800C6F27A /* URLSessionHTTPClientTests.swift */ = {isa = PBXFileReference; lastKnownFileType = sourcecode.swift; path = URLSessionHTTPClientTests.swift; sourceTree = "<group>"; };
		C88CD4F92505A68300AEF225 /* URLSessionHTTPClient.swift */ = {isa = PBXFileReference; lastKnownFileType = sourcecode.swift; path = URLSessionHTTPClient.swift; sourceTree = "<group>"; };
		C89DAC9524EDE8E9003FCB49 /* HTTPClient.swift */ = {isa = PBXFileReference; lastKnownFileType = sourcecode.swift; path = HTTPClient.swift; sourceTree = "<group>"; };
		C89DAC9724EDE94C003FCB49 /* FeedItemMapper.swift */ = {isa = PBXFileReference; lastKnownFileType = sourcecode.swift; path = FeedItemMapper.swift; sourceTree = "<group>"; };
		C8BE045524E7B77000D080C4 /* iOSLeadEssential.app */ = {isa = PBXFileReference; explicitFileType = wrapper.application; includeInIndex = 0; path = iOSLeadEssential.app; sourceTree = BUILT_PRODUCTS_DIR; };
		C8BE045824E7B77000D080C4 /* AppDelegate.swift */ = {isa = PBXFileReference; lastKnownFileType = sourcecode.swift; path = AppDelegate.swift; sourceTree = "<group>"; };
		C8BE045A24E7B77000D080C4 /* SceneDelegate.swift */ = {isa = PBXFileReference; lastKnownFileType = sourcecode.swift; path = SceneDelegate.swift; sourceTree = "<group>"; };
		C8BE045C24E7B77000D080C4 /* ViewController.swift */ = {isa = PBXFileReference; lastKnownFileType = sourcecode.swift; path = ViewController.swift; sourceTree = "<group>"; };
		C8BE046124E7B77400D080C4 /* Assets.xcassets */ = {isa = PBXFileReference; lastKnownFileType = folder.assetcatalog; path = Assets.xcassets; sourceTree = "<group>"; };
		C8BE046424E7B77400D080C4 /* Base */ = {isa = PBXFileReference; lastKnownFileType = file.storyboard; name = Base; path = Base.lproj/LaunchScreen.storyboard; sourceTree = "<group>"; };
		C8BE046624E7B77400D080C4 /* Info.plist */ = {isa = PBXFileReference; lastKnownFileType = text.plist.xml; path = Info.plist; sourceTree = "<group>"; };
		C8BE046B24E7B77400D080C4 /* iOSLeadEssentialTests.xctest */ = {isa = PBXFileReference; explicitFileType = wrapper.cfbundle; includeInIndex = 0; path = iOSLeadEssentialTests.xctest; sourceTree = BUILT_PRODUCTS_DIR; };
		C8BE046F24E7B77400D080C4 /* RemoteFeedLoadeTests.swift */ = {isa = PBXFileReference; lastKnownFileType = sourcecode.swift; path = RemoteFeedLoadeTests.swift; sourceTree = "<group>"; };
		C8BE047124E7B77400D080C4 /* Info.plist */ = {isa = PBXFileReference; lastKnownFileType = text.plist.xml; path = Info.plist; sourceTree = "<group>"; };
		C8BE047A24E7B7DC00D080C4 /* RemoteFeedLoader.swift */ = {isa = PBXFileReference; lastKnownFileType = sourcecode.swift; path = RemoteFeedLoader.swift; sourceTree = "<group>"; };
		C8E810842508543F006225F4 /* iOSLeadEssentialAPIEndToEndTests.xctest */ = {isa = PBXFileReference; explicitFileType = wrapper.cfbundle; includeInIndex = 0; path = iOSLeadEssentialAPIEndToEndTests.xctest; sourceTree = BUILT_PRODUCTS_DIR; };
		C8E810862508543F006225F4 /* iOSLeadEssentialAPIEndToEndTests.swift */ = {isa = PBXFileReference; lastKnownFileType = sourcecode.swift; path = iOSLeadEssentialAPIEndToEndTests.swift; sourceTree = "<group>"; };
		C8E810882508543F006225F4 /* Info.plist */ = {isa = PBXFileReference; lastKnownFileType = text.plist.xml; path = Info.plist; sourceTree = "<group>"; };
		C8EDD5E524FF17E4007F89E4 /* XCTestCase+MemoryLeakTracking.swift */ = {isa = PBXFileReference; lastKnownFileType = sourcecode.swift; path = "XCTestCase+MemoryLeakTracking.swift"; sourceTree = "<group>"; };
/* End PBXFileReference section */

/* Begin PBXFrameworksBuildPhase section */
		C8BE045224E7B77000D080C4 /* Frameworks */ = {
			isa = PBXFrameworksBuildPhase;
			buildActionMask = 2147483647;
			files = (
			);
			runOnlyForDeploymentPostprocessing = 0;
		};
		C8BE046824E7B77400D080C4 /* Frameworks */ = {
			isa = PBXFrameworksBuildPhase;
			buildActionMask = 2147483647;
			files = (
			);
			runOnlyForDeploymentPostprocessing = 0;
		};
		C8E810812508543F006225F4 /* Frameworks */ = {
			isa = PBXFrameworksBuildPhase;
			buildActionMask = 2147483647;
			files = (
			);
			runOnlyForDeploymentPostprocessing = 0;
		};
/* End PBXFrameworksBuildPhase section */

/* Begin PBXGroup section */
		C8132CA724EFC6BA005C6F78 /* Feed Feature */ = {
			isa = PBXGroup;
			children = (
				C839166024EB825200E96B5A /* FeedItem.swift */,
				C8132CA824EFC6CF005C6F78 /* FeedLoader.swift */,
			);
			path = "Feed Feature";
			sourceTree = "<group>";
		};
		C89DAC9324EDE777003FCB49 /* Feed Loader */ = {
			isa = PBXGroup;
			children = (
				C8EDD5E724FF1903007F89E4 /* Helper */,
				C8BE046F24E7B77400D080C4 /* RemoteFeedLoadeTests.swift */,
				C85171C424F2826800C6F27A /* URLSessionHTTPClientTests.swift */,
			);
			path = "Feed Loader";
			sourceTree = "<group>";
		};
		C89DAC9424EDE8D6003FCB49 /* Feed API */ = {
			isa = PBXGroup;
			children = (
				C8BE047A24E7B7DC00D080C4 /* RemoteFeedLoader.swift */,
				C89DAC9724EDE94C003FCB49 /* FeedItemMapper.swift */,
				C89DAC9524EDE8E9003FCB49 /* HTTPClient.swift */,
				C88CD4F92505A68300AEF225 /* URLSessionHTTPClient.swift */,
			);
			path = "Feed API";
			sourceTree = "<group>";
		};
		C8BE044C24E7B77000D080C4 = {
			isa = PBXGroup;
			children = (
				C8BE045724E7B77000D080C4 /* iOSLeadEssential */,
				C8BE046E24E7B77400D080C4 /* iOSLeadEssentialTests */,
				C8E810852508543F006225F4 /* iOSLeadEssentialAPIEndToEndTests */,
				C8BE045624E7B77000D080C4 /* Products */,
			);
			sourceTree = "<group>";
		};
		C8BE045624E7B77000D080C4 /* Products */ = {
			isa = PBXGroup;
			children = (
				C8BE045524E7B77000D080C4 /* iOSLeadEssential.app */,
				C8BE046B24E7B77400D080C4 /* iOSLeadEssentialTests.xctest */,
				C8E810842508543F006225F4 /* iOSLeadEssentialAPIEndToEndTests.xctest */,
			);
			name = Products;
			sourceTree = "<group>";
		};
		C8BE045724E7B77000D080C4 /* iOSLeadEssential */ = {
			isa = PBXGroup;
			children = (
				C8BE045824E7B77000D080C4 /* AppDelegate.swift */,
				C8BE045A24E7B77000D080C4 /* SceneDelegate.swift */,
				C8BE045C24E7B77000D080C4 /* ViewController.swift */,
				C4D1389824EB7DFA009FE2A1 /* Main.storyboard */,
				C8132CA724EFC6BA005C6F78 /* Feed Feature */,
				C89DAC9424EDE8D6003FCB49 /* Feed API */,
				C8BE046124E7B77400D080C4 /* Assets.xcassets */,
				C8BE046324E7B77400D080C4 /* LaunchScreen.storyboard */,
				C8BE046624E7B77400D080C4 /* Info.plist */,
			);
			path = iOSLeadEssential;
			sourceTree = "<group>";
		};
		C8BE046E24E7B77400D080C4 /* iOSLeadEssentialTests */ = {
			isa = PBXGroup;
			children = (
				C89DAC9324EDE777003FCB49 /* Feed Loader */,
				C8BE047124E7B77400D080C4 /* Info.plist */,
			);
			path = iOSLeadEssentialTests;
			sourceTree = "<group>";
		};
		C8E810852508543F006225F4 /* iOSLeadEssentialAPIEndToEndTests */ = {
			isa = PBXGroup;
			children = (
				C8E810862508543F006225F4 /* iOSLeadEssentialAPIEndToEndTests.swift */,
				C8E810882508543F006225F4 /* Info.plist */,
			);
			path = iOSLeadEssentialAPIEndToEndTests;
			sourceTree = "<group>";
		};
		C8EDD5E724FF1903007F89E4 /* Helper */ = {
			isa = PBXGroup;
			children = (
				C8EDD5E524FF17E4007F89E4 /* XCTestCase+MemoryLeakTracking.swift */,
			);
			path = Helper;
			sourceTree = "<group>";
		};
/* End PBXGroup section */

/* Begin PBXNativeTarget section */
		C8BE045424E7B77000D080C4 /* iOSLeadEssential */ = {
			isa = PBXNativeTarget;
			buildConfigurationList = C8BE047424E7B77400D080C4 /* Build configuration list for PBXNativeTarget "iOSLeadEssential" */;
			buildPhases = (
				C8BE045124E7B77000D080C4 /* Sources */,
				C8BE045224E7B77000D080C4 /* Frameworks */,
				C8BE045324E7B77000D080C4 /* Resources */,
			);
			buildRules = (
			);
			dependencies = (
			);
			name = iOSLeadEssential;
			productName = iOSLeadEssential;
			productReference = C8BE045524E7B77000D080C4 /* iOSLeadEssential.app */;
			productType = "com.apple.product-type.application";
		};
		C8BE046A24E7B77400D080C4 /* iOSLeadEssentialTests */ = {
			isa = PBXNativeTarget;
			buildConfigurationList = C8BE047724E7B77400D080C4 /* Build configuration list for PBXNativeTarget "iOSLeadEssentialTests" */;
			buildPhases = (
				C8BE046724E7B77400D080C4 /* Sources */,
				C8BE046824E7B77400D080C4 /* Frameworks */,
				C8BE046924E7B77400D080C4 /* Resources */,
			);
			buildRules = (
			);
			dependencies = (
				C8BE046D24E7B77400D080C4 /* PBXTargetDependency */,
			);
			name = iOSLeadEssentialTests;
			productName = iOSLeadEssentialTests;
			productReference = C8BE046B24E7B77400D080C4 /* iOSLeadEssentialTests.xctest */;
			productType = "com.apple.product-type.bundle.unit-test";
		};
		C8E810832508543F006225F4 /* iOSLeadEssentialAPIEndToEndTests */ = {
			isa = PBXNativeTarget;
			buildConfigurationList = C8E8108D2508543F006225F4 /* Build configuration list for PBXNativeTarget "iOSLeadEssentialAPIEndToEndTests" */;
			buildPhases = (
				C8E810802508543F006225F4 /* Sources */,
				C8E810812508543F006225F4 /* Frameworks */,
				C8E810822508543F006225F4 /* Resources */,
			);
			buildRules = (
			);
			dependencies = (
				C8E8108A2508543F006225F4 /* PBXTargetDependency */,
			);
			name = iOSLeadEssentialAPIEndToEndTests;
			productName = iOSLeadEssentialAPIEndToEndTests;
			productReference = C8E810842508543F006225F4 /* iOSLeadEssentialAPIEndToEndTests.xctest */;
			productType = "com.apple.product-type.bundle.unit-test";
		};
/* End PBXNativeTarget section */

/* Begin PBXProject section */
		C8BE044D24E7B77000D080C4 /* Project object */ = {
			isa = PBXProject;
			attributes = {
				LastSwiftUpdateCheck = 1150;
				LastUpgradeCheck = 1150;
				ORGANIZATIONNAME = "George Liu";
				TargetAttributes = {
					C8BE045424E7B77000D080C4 = {
						CreatedOnToolsVersion = 11.5;
					};
					C8BE046A24E7B77400D080C4 = {
						CreatedOnToolsVersion = 11.5;
						TestTargetID = C8BE045424E7B77000D080C4;
					};
					C8E810832508543F006225F4 = {
						CreatedOnToolsVersion = 11.5;
						TestTargetID = C8BE045424E7B77000D080C4;
					};
				};
			};
			buildConfigurationList = C8BE045024E7B77000D080C4 /* Build configuration list for PBXProject "iOSLeadEssential" */;
			compatibilityVersion = "Xcode 9.3";
			developmentRegion = en;
			hasScannedForEncodings = 0;
			knownRegions = (
				en,
				Base,
			);
			mainGroup = C8BE044C24E7B77000D080C4;
			productRefGroup = C8BE045624E7B77000D080C4 /* Products */;
			projectDirPath = "";
			projectRoot = "";
			targets = (
				C8BE045424E7B77000D080C4 /* iOSLeadEssential */,
				C8BE046A24E7B77400D080C4 /* iOSLeadEssentialTests */,
				C8E810832508543F006225F4 /* iOSLeadEssentialAPIEndToEndTests */,
			);
		};
/* End PBXProject section */

/* Begin PBXResourcesBuildPhase section */
		C8BE045324E7B77000D080C4 /* Resources */ = {
			isa = PBXResourcesBuildPhase;
			buildActionMask = 2147483647;
			files = (
				C4D1389924EB7DFA009FE2A1 /* Main.storyboard in Resources */,
				C8BE046524E7B77400D080C4 /* LaunchScreen.storyboard in Resources */,
				C8BE046224E7B77400D080C4 /* Assets.xcassets in Resources */,
			);
			runOnlyForDeploymentPostprocessing = 0;
		};
		C8BE046924E7B77400D080C4 /* Resources */ = {
			isa = PBXResourcesBuildPhase;
			buildActionMask = 2147483647;
			files = (
			);
			runOnlyForDeploymentPostprocessing = 0;
		};
		C8E810822508543F006225F4 /* Resources */ = {
			isa = PBXResourcesBuildPhase;
			buildActionMask = 2147483647;
			files = (
			);
			runOnlyForDeploymentPostprocessing = 0;
		};
/* End PBXResourcesBuildPhase section */

/* Begin PBXSourcesBuildPhase section */
		C8BE045124E7B77000D080C4 /* Sources */ = {
			isa = PBXSourcesBuildPhase;
			buildActionMask = 2147483647;
			files = (
				C8BE045D24E7B77000D080C4 /* ViewController.swift in Sources */,
				C8BE045924E7B77000D080C4 /* AppDelegate.swift in Sources */,
				C89DAC9624EDE8E9003FCB49 /* HTTPClient.swift in Sources */,
				C8BE047C24E7B7EC00D080C4 /* RemoteFeedLoader.swift in Sources */,
				C839166124EB825200E96B5A /* FeedItem.swift in Sources */,
				C89DAC9824EDE94C003FCB49 /* FeedItemMapper.swift in Sources */,
				C8132CA924EFC6CF005C6F78 /* FeedLoader.swift in Sources */,
				C8BE045B24E7B77000D080C4 /* SceneDelegate.swift in Sources */,
				C88CD4FA2505A68300AEF225 /* URLSessionHTTPClient.swift in Sources */,
			);
			runOnlyForDeploymentPostprocessing = 0;
		};
		C8BE046724E7B77400D080C4 /* Sources */ = {
			isa = PBXSourcesBuildPhase;
			buildActionMask = 2147483647;
			files = (
				C8BE047024E7B77400D080C4 /* RemoteFeedLoadeTests.swift in Sources */,
				C8EDD5E624FF17E4007F89E4 /* XCTestCase+MemoryLeakTracking.swift in Sources */,
				C85171C524F2826800C6F27A /* URLSessionHTTPClientTests.swift in Sources */,
			);
			runOnlyForDeploymentPostprocessing = 0;
		};
		C8E810802508543F006225F4 /* Sources */ = {
			isa = PBXSourcesBuildPhase;
			buildActionMask = 2147483647;
			files = (
				C8E810872508543F006225F4 /* iOSLeadEssentialAPIEndToEndTests.swift in Sources */,
				C8311842250BB6D8007D8A7E /* XCTestCase+MemoryLeakTracking.swift in Sources */,
			);
			runOnlyForDeploymentPostprocessing = 0;
		};
/* End PBXSourcesBuildPhase section */

/* Begin PBXTargetDependency section */
		C8BE046D24E7B77400D080C4 /* PBXTargetDependency */ = {
			isa = PBXTargetDependency;
			target = C8BE045424E7B77000D080C4 /* iOSLeadEssential */;
			targetProxy = C8BE046C24E7B77400D080C4 /* PBXContainerItemProxy */;
		};
		C8E8108A2508543F006225F4 /* PBXTargetDependency */ = {
			isa = PBXTargetDependency;
			target = C8BE045424E7B77000D080C4 /* iOSLeadEssential */;
			targetProxy = C8E810892508543F006225F4 /* PBXContainerItemProxy */;
		};
/* End PBXTargetDependency section */

/* Begin PBXVariantGroup section */
		C8BE046324E7B77400D080C4 /* LaunchScreen.storyboard */ = {
			isa = PBXVariantGroup;
			children = (
				C8BE046424E7B77400D080C4 /* Base */,
			);
			name = LaunchScreen.storyboard;
			sourceTree = "<group>";
		};
/* End PBXVariantGroup section */

/* Begin XCBuildConfiguration section */
		C8BE047224E7B77400D080C4 /* Debug */ = {
			isa = XCBuildConfiguration;
			buildSettings = {
				ALWAYS_SEARCH_USER_PATHS = NO;
				CLANG_ANALYZER_NONNULL = YES;
				CLANG_ANALYZER_NUMBER_OBJECT_CONVERSION = YES_AGGRESSIVE;
				CLANG_CXX_LANGUAGE_STANDARD = "gnu++14";
				CLANG_CXX_LIBRARY = "libc++";
				CLANG_ENABLE_MODULES = YES;
				CLANG_ENABLE_OBJC_ARC = YES;
				CLANG_ENABLE_OBJC_WEAK = YES;
				CLANG_WARN_BLOCK_CAPTURE_AUTORELEASING = YES;
				CLANG_WARN_BOOL_CONVERSION = YES;
				CLANG_WARN_COMMA = YES;
				CLANG_WARN_CONSTANT_CONVERSION = YES;
				CLANG_WARN_DEPRECATED_OBJC_IMPLEMENTATIONS = YES;
				CLANG_WARN_DIRECT_OBJC_ISA_USAGE = YES_ERROR;
				CLANG_WARN_DOCUMENTATION_COMMENTS = YES;
				CLANG_WARN_EMPTY_BODY = YES;
				CLANG_WARN_ENUM_CONVERSION = YES;
				CLANG_WARN_INFINITE_RECURSION = YES;
				CLANG_WARN_INT_CONVERSION = YES;
				CLANG_WARN_NON_LITERAL_NULL_CONVERSION = YES;
				CLANG_WARN_OBJC_IMPLICIT_RETAIN_SELF = YES;
				CLANG_WARN_OBJC_LITERAL_CONVERSION = YES;
				CLANG_WARN_OBJC_ROOT_CLASS = YES_ERROR;
				CLANG_WARN_RANGE_LOOP_ANALYSIS = YES;
				CLANG_WARN_STRICT_PROTOTYPES = YES;
				CLANG_WARN_SUSPICIOUS_MOVE = YES;
				CLANG_WARN_UNGUARDED_AVAILABILITY = YES_AGGRESSIVE;
				CLANG_WARN_UNREACHABLE_CODE = YES;
				CLANG_WARN__DUPLICATE_METHOD_MATCH = YES;
				COPY_PHASE_STRIP = NO;
				DEBUG_INFORMATION_FORMAT = dwarf;
				ENABLE_STRICT_OBJC_MSGSEND = YES;
				ENABLE_TESTABILITY = YES;
				GCC_C_LANGUAGE_STANDARD = gnu11;
				GCC_DYNAMIC_NO_PIC = NO;
				GCC_NO_COMMON_BLOCKS = YES;
				GCC_OPTIMIZATION_LEVEL = 0;
				GCC_PREPROCESSOR_DEFINITIONS = (
					"DEBUG=1",
					"$(inherited)",
				);
				GCC_WARN_64_TO_32_BIT_CONVERSION = YES;
				GCC_WARN_ABOUT_RETURN_TYPE = YES_ERROR;
				GCC_WARN_UNDECLARED_SELECTOR = YES;
				GCC_WARN_UNINITIALIZED_AUTOS = YES_AGGRESSIVE;
				GCC_WARN_UNUSED_FUNCTION = YES;
				GCC_WARN_UNUSED_VARIABLE = YES;
				IPHONEOS_DEPLOYMENT_TARGET = 13.5;
				MTL_ENABLE_DEBUG_INFO = INCLUDE_SOURCE;
				MTL_FAST_MATH = YES;
				ONLY_ACTIVE_ARCH = YES;
				SDKROOT = iphoneos;
				SWIFT_ACTIVE_COMPILATION_CONDITIONS = DEBUG;
				SWIFT_OPTIMIZATION_LEVEL = "-Onone";
			};
			name = Debug;
		};
		C8BE047324E7B77400D080C4 /* Release */ = {
			isa = XCBuildConfiguration;
			buildSettings = {
				ALWAYS_SEARCH_USER_PATHS = NO;
				CLANG_ANALYZER_NONNULL = YES;
				CLANG_ANALYZER_NUMBER_OBJECT_CONVERSION = YES_AGGRESSIVE;
				CLANG_CXX_LANGUAGE_STANDARD = "gnu++14";
				CLANG_CXX_LIBRARY = "libc++";
				CLANG_ENABLE_MODULES = YES;
				CLANG_ENABLE_OBJC_ARC = YES;
				CLANG_ENABLE_OBJC_WEAK = YES;
				CLANG_WARN_BLOCK_CAPTURE_AUTORELEASING = YES;
				CLANG_WARN_BOOL_CONVERSION = YES;
				CLANG_WARN_COMMA = YES;
				CLANG_WARN_CONSTANT_CONVERSION = YES;
				CLANG_WARN_DEPRECATED_OBJC_IMPLEMENTATIONS = YES;
				CLANG_WARN_DIRECT_OBJC_ISA_USAGE = YES_ERROR;
				CLANG_WARN_DOCUMENTATION_COMMENTS = YES;
				CLANG_WARN_EMPTY_BODY = YES;
				CLANG_WARN_ENUM_CONVERSION = YES;
				CLANG_WARN_INFINITE_RECURSION = YES;
				CLANG_WARN_INT_CONVERSION = YES;
				CLANG_WARN_NON_LITERAL_NULL_CONVERSION = YES;
				CLANG_WARN_OBJC_IMPLICIT_RETAIN_SELF = YES;
				CLANG_WARN_OBJC_LITERAL_CONVERSION = YES;
				CLANG_WARN_OBJC_ROOT_CLASS = YES_ERROR;
				CLANG_WARN_RANGE_LOOP_ANALYSIS = YES;
				CLANG_WARN_STRICT_PROTOTYPES = YES;
				CLANG_WARN_SUSPICIOUS_MOVE = YES;
				CLANG_WARN_UNGUARDED_AVAILABILITY = YES_AGGRESSIVE;
				CLANG_WARN_UNREACHABLE_CODE = YES;
				CLANG_WARN__DUPLICATE_METHOD_MATCH = YES;
				COPY_PHASE_STRIP = NO;
				DEBUG_INFORMATION_FORMAT = "dwarf-with-dsym";
				ENABLE_NS_ASSERTIONS = NO;
				ENABLE_STRICT_OBJC_MSGSEND = YES;
				GCC_C_LANGUAGE_STANDARD = gnu11;
				GCC_NO_COMMON_BLOCKS = YES;
				GCC_WARN_64_TO_32_BIT_CONVERSION = YES;
				GCC_WARN_ABOUT_RETURN_TYPE = YES_ERROR;
				GCC_WARN_UNDECLARED_SELECTOR = YES;
				GCC_WARN_UNINITIALIZED_AUTOS = YES_AGGRESSIVE;
				GCC_WARN_UNUSED_FUNCTION = YES;
				GCC_WARN_UNUSED_VARIABLE = YES;
				IPHONEOS_DEPLOYMENT_TARGET = 13.5;
				MTL_ENABLE_DEBUG_INFO = NO;
				MTL_FAST_MATH = YES;
				SDKROOT = iphoneos;
				SWIFT_COMPILATION_MODE = wholemodule;
				SWIFT_OPTIMIZATION_LEVEL = "-O";
				VALIDATE_PRODUCT = YES;
			};
			name = Release;
		};
		C8BE047524E7B77400D080C4 /* Debug */ = {
			isa = XCBuildConfiguration;
			buildSettings = {
				ASSETCATALOG_COMPILER_APPICON_NAME = AppIcon;
				CODE_SIGN_IDENTITY = "Apple Development";
				CODE_SIGN_STYLE = Automatic;
				DEVELOPMENT_TEAM = 6BWKV47PKT;
				INFOPLIST_FILE = iOSLeadEssential/Info.plist;
				IPHONEOS_DEPLOYMENT_TARGET = 13.1;
				LD_RUNPATH_SEARCH_PATHS = (
					"$(inherited)",
					"@executable_path/Frameworks",
				);
				PRODUCT_BUNDLE_IDENTIFIER = com.george.iOSLeadEssential;
				PRODUCT_NAME = "$(TARGET_NAME)";
				PROVISIONING_PROFILE_SPECIFIER = "";
				SWIFT_VERSION = 5.0;
				TARGETED_DEVICE_FAMILY = "1,2";
			};
			name = Debug;
		};
		C8BE047624E7B77400D080C4 /* Release */ = {
			isa = XCBuildConfiguration;
			buildSettings = {
				ASSETCATALOG_COMPILER_APPICON_NAME = AppIcon;
				CODE_SIGN_IDENTITY = "Apple Development";
				CODE_SIGN_STYLE = Automatic;
				DEVELOPMENT_TEAM = 6BWKV47PKT;
				INFOPLIST_FILE = iOSLeadEssential/Info.plist;
				IPHONEOS_DEPLOYMENT_TARGET = 13.1;
				LD_RUNPATH_SEARCH_PATHS = (
					"$(inherited)",
					"@executable_path/Frameworks",
				);
				PRODUCT_BUNDLE_IDENTIFIER = com.george.iOSLeadEssential;
				PRODUCT_NAME = "$(TARGET_NAME)";
				PROVISIONING_PROFILE_SPECIFIER = "";
				SWIFT_VERSION = 5.0;
				TARGETED_DEVICE_FAMILY = "1,2";
			};
			name = Release;
		};
		C8BE047824E7B77400D080C4 /* Debug */ = {
			isa = XCBuildConfiguration;
			buildSettings = {
				ALWAYS_EMBED_SWIFT_STANDARD_LIBRARIES = YES;
				BUNDLE_LOADER = "$(TEST_HOST)";
				CODE_SIGN_STYLE = Automatic;
				INFOPLIST_FILE = iOSLeadEssentialTests/Info.plist;
				IPHONEOS_DEPLOYMENT_TARGET = 13.5;
				LD_RUNPATH_SEARCH_PATHS = (
					"$(inherited)",
					"@executable_path/Frameworks",
					"@loader_path/Frameworks",
				);
				PRODUCT_BUNDLE_IDENTIFIER = com.george.iOSLeadEssentialTests;
				PRODUCT_NAME = "$(TARGET_NAME)";
				SWIFT_VERSION = 5.0;
				TARGETED_DEVICE_FAMILY = "1,2";
				TEST_HOST = "$(BUILT_PRODUCTS_DIR)/iOSLeadEssential.app/iOSLeadEssential";
			};
			name = Debug;
		};
		C8BE047924E7B77400D080C4 /* Release */ = {
			isa = XCBuildConfiguration;
			buildSettings = {
				ALWAYS_EMBED_SWIFT_STANDARD_LIBRARIES = YES;
				BUNDLE_LOADER = "$(TEST_HOST)";
				CODE_SIGN_STYLE = Automatic;
				INFOPLIST_FILE = iOSLeadEssentialTests/Info.plist;
				IPHONEOS_DEPLOYMENT_TARGET = 13.5;
				LD_RUNPATH_SEARCH_PATHS = (
					"$(inherited)",
					"@executable_path/Frameworks",
					"@loader_path/Frameworks",
				);
				PRODUCT_BUNDLE_IDENTIFIER = com.george.iOSLeadEssentialTests;
				PRODUCT_NAME = "$(TARGET_NAME)";
				SWIFT_VERSION = 5.0;
				TARGETED_DEVICE_FAMILY = "1,2";
				TEST_HOST = "$(BUILT_PRODUCTS_DIR)/iOSLeadEssential.app/iOSLeadEssential";
			};
			name = Release;
		};
		C8E8108B2508543F006225F4 /* Debug */ = {
			isa = XCBuildConfiguration;
			buildSettings = {
				BUNDLE_LOADER = "$(TEST_HOST)";
				CODE_SIGN_STYLE = Manual;
				DEVELOPMENT_TEAM = "";
				INFOPLIST_FILE = iOSLeadEssentialAPIEndToEndTests/Info.plist;
				LD_RUNPATH_SEARCH_PATHS = (
					"$(inherited)",
					"@executable_path/Frameworks",
					"@loader_path/Frameworks",
				);
				PRODUCT_BUNDLE_IDENTIFIER = com.george.iOSLeadEssentialAPIEndToEndTests;
				"PRODUCT_BUNDLE_IDENTIFIER[sdk=macosx*]" = "";
				PRODUCT_NAME = "$(TARGET_NAME)";
				PROVISIONING_PROFILE_SPECIFIER = "";
				"PROVISIONING_PROFILE_SPECIFIER[sdk=macosx*]" = "";
				SWIFT_VERSION = 5.0;
				TARGETED_DEVICE_FAMILY = "1,2";
				TEST_HOST = "$(BUILT_PRODUCTS_DIR)/iOSLeadEssential.app/iOSLeadEssential";
			};
			name = Debug;
		};
		C8E8108C2508543F006225F4 /* Release */ = {
			isa = XCBuildConfiguration;
			buildSettings = {
				BUNDLE_LOADER = "$(TEST_HOST)";
				CODE_SIGN_STYLE = Manual;
				DEVELOPMENT_TEAM = "";
				INFOPLIST_FILE = iOSLeadEssentialAPIEndToEndTests/Info.plist;
				LD_RUNPATH_SEARCH_PATHS = (
					"$(inherited)",
					"@executable_path/Frameworks",
					"@loader_path/Frameworks",
				);
				PRODUCT_BUNDLE_IDENTIFIER = com.george.iOSLeadEssentialAPIEndToEndTests;
				"PRODUCT_BUNDLE_IDENTIFIER[sdk=macosx*]" = "";
				PRODUCT_NAME = "$(TARGET_NAME)";
				PROVISIONING_PROFILE_SPECIFIER = "";
				"PROVISIONING_PROFILE_SPECIFIER[sdk=macosx*]" = "";
				SWIFT_VERSION = 5.0;
				TARGETED_DEVICE_FAMILY = "1,2";
				TEST_HOST = "$(BUILT_PRODUCTS_DIR)/iOSLeadEssential.app/iOSLeadEssential";
			};
			name = Release;
		};
/* End XCBuildConfiguration section */

/* Begin XCConfigurationList section */
		C8BE045024E7B77000D080C4 /* Build configuration list for PBXProject "iOSLeadEssential" */ = {
			isa = XCConfigurationList;
			buildConfigurations = (
				C8BE047224E7B77400D080C4 /* Debug */,
				C8BE047324E7B77400D080C4 /* Release */,
			);
			defaultConfigurationIsVisible = 0;
			defaultConfigurationName = Release;
		};
		C8BE047424E7B77400D080C4 /* Build configuration list for PBXNativeTarget "iOSLeadEssential" */ = {
			isa = XCConfigurationList;
			buildConfigurations = (
				C8BE047524E7B77400D080C4 /* Debug */,
				C8BE047624E7B77400D080C4 /* Release */,
			);
			defaultConfigurationIsVisible = 0;
			defaultConfigurationName = Release;
		};
		C8BE047724E7B77400D080C4 /* Build configuration list for PBXNativeTarget "iOSLeadEssentialTests" */ = {
			isa = XCConfigurationList;
			buildConfigurations = (
				C8BE047824E7B77400D080C4 /* Debug */,
				C8BE047924E7B77400D080C4 /* Release */,
			);
			defaultConfigurationIsVisible = 0;
			defaultConfigurationName = Release;
		};
		C8E8108D2508543F006225F4 /* Build configuration list for PBXNativeTarget "iOSLeadEssentialAPIEndToEndTests" */ = {
			isa = XCConfigurationList;
			buildConfigurations = (
				C8E8108B2508543F006225F4 /* Debug */,
				C8E8108C2508543F006225F4 /* Release */,
			);
			defaultConfigurationIsVisible = 0;
			defaultConfigurationName = Release;
		};
/* End XCConfigurationList section */
	};
	rootObject = C8BE044D24E7B77000D080C4 /* Project object */;
}
